
Microsoft Visual Studio Solution File, Format Version 12.00
# Visual Studio Version 16
VisualStudioVersion = 16.0.32228.343
MinimumVisualStudioVersion = 10.0.40219.1
Project("{FAE04EC0-301F-11D3-BF4B-00C04F79EFBC}") = "ProjectAspDotNetMVC5.0", "ProjectAspDotNetMVC5.0\ProjectAspDotNetMVC5.0.csproj", "{7E1D70BC-BBEF-44E1-BDF5-003EA48FCF65}"
EndProject
Global
	GlobalSection(SolutionConfigurationPlatforms) = preSolution
		Debug|Any CPU = Debug|Any CPU
		Release|Any CPU = Release|Any CPU
	EndGlobalSection
	GlobalSection(ProjectConfigurationPlatforms) = postSolution
		{7E1D70BC-BBEF-44E1-BDF5-003EA48FCF65}.Debug|Any CPU.ActiveCfg = Debug|Any CPU
		{7E1D70BC-BBEF-44E1-BDF5-003EA48FCF65}.Debug|Any CPU.Build.0 = Debug|Any CPU
		{7E1D70BC-BBEF-44E1-BDF5-003EA48FCF65}.Release|Any CPU.ActiveCfg = Release|Any CPU
		{7E1D70BC-BBEF-44E1-BDF5-003EA48FCF65}.Release|Any CPU.Build.0 = Release|Any CPU
	EndGlobalSection
	GlobalSection(SolutionProperties) = preSolution
		HideSolutionNode = FALSE
	EndGlobalSection
	GlobalSection(ExtensibilityGlobals) = postSolution
		SolutionGuid = {FE8D4ACE-5892-4944-A2A3-0AA5897522D5}
	EndGlobalSection
EndGlobal
